
Microsoft Visual Studio Solution File, Format Version 12.00
# Visual Studio 15
VisualStudioVersion = 15.0.28307.168
MinimumVisualStudioVersion = 10.0.40219.1
Project("{FAE04EC0-301F-11D3-BF4B-00C04F79EFBC}") = "SummaryPublisherApp", "SummaryPublisherApp\SummaryPublisherApp.csproj", "{90ED442F-4DDC-4C77-933A-9B6B92F2BAEF}"
EndProject
Global
	GlobalSection(SolutionConfigurationPlatforms) = preSolution
		Debug|Any CPU = Debug|Any CPU
		Release|Any CPU = Release|Any CPU
	EndGlobalSection
	GlobalSection(ProjectConfigurationPlatforms) = postSolution
		{90ED442F-4DDC-4C77-933A-9B6B92F2BAEF}.Debug|Any CPU.ActiveCfg = Debug|Any CPU
		{90ED442F-4DDC-4C77-933A-9B6B92F2BAEF}.Debug|Any CPU.Build.0 = Debug|Any CPU
		{90ED442F-4DDC-4C77-933A-9B6B92F2BAEF}.Release|Any CPU.ActiveCfg = Release|Any CPU
		{90ED442F-4DDC-4C77-933A-9B6B92F2BAEF}.Release|Any CPU.Build.0 = Release|Any CPU
	EndGlobalSection
	GlobalSection(SolutionProperties) = preSolution
		HideSolutionNode = FALSE
	EndGlobalSection
	GlobalSection(ExtensibilityGlobals) = postSolution
		SolutionGuid = {C7BC34C5-DEF2-4677-AC48-A9458460ECEB}
	EndGlobalSection
EndGlobal
