
Microsoft Visual Studio Solution File, Format Version 12.00
# Visual Studio 15
VisualStudioVersion = 15.0.28307.102
MinimumVisualStudioVersion = 10.0.40219.1
Project("{FAE04EC0-301F-11D3-BF4B-00C04F79EFBC}") = "HotelApp", "HotelApp\HotelApp.csproj", "{05D17A59-B640-477A-8C0A-3809F799F676}"
EndProject
Global
	GlobalSection(SolutionConfigurationPlatforms) = preSolution
		Debug|Any CPU = Debug|Any CPU
		Release|Any CPU = Release|Any CPU
	EndGlobalSection
	GlobalSection(ProjectConfigurationPlatforms) = postSolution
		{05D17A59-B640-477A-8C0A-3809F799F676}.Debug|Any CPU.ActiveCfg = Debug|Any CPU
		{05D17A59-B640-477A-8C0A-3809F799F676}.Debug|Any CPU.Build.0 = Debug|Any CPU
		{05D17A59-B640-477A-8C0A-3809F799F676}.Release|Any CPU.ActiveCfg = Release|Any CPU
		{05D17A59-B640-477A-8C0A-3809F799F676}.Release|Any CPU.Build.0 = Release|Any CPU
	EndGlobalSection
	GlobalSection(SolutionProperties) = preSolution
		HideSolutionNode = FALSE
	EndGlobalSection
	GlobalSection(ExtensibilityGlobals) = postSolution
		SolutionGuid = {D56A874C-2E5F-4449-8824-8F4C133F4F9C}
	EndGlobalSection
EndGlobal
