
Microsoft Visual Studio Solution File, Format Version 12.00
# Visual Studio 15
VisualStudioVersion = 15.0.28307.102
MinimumVisualStudioVersion = 10.0.40219.1
Project("{FAE04EC0-301F-11D3-BF4B-00C04F79EFBC}") = "M2Homework4", "M2Homework4\M2Homework4.csproj", "{76016E9E-F8F6-499D-A51D-2F34265ECBCA}"
EndProject
Global
	GlobalSection(SolutionConfigurationPlatforms) = preSolution
		Debug|Any CPU = Debug|Any CPU
		Release|Any CPU = Release|Any CPU
	EndGlobalSection
	GlobalSection(ProjectConfigurationPlatforms) = postSolution
		{76016E9E-F8F6-499D-A51D-2F34265ECBCA}.Debug|Any CPU.ActiveCfg = Debug|Any CPU
		{76016E9E-F8F6-499D-A51D-2F34265ECBCA}.Debug|Any CPU.Build.0 = Debug|Any CPU
		{76016E9E-F8F6-499D-A51D-2F34265ECBCA}.Release|Any CPU.ActiveCfg = Release|Any CPU
		{76016E9E-F8F6-499D-A51D-2F34265ECBCA}.Release|Any CPU.Build.0 = Release|Any CPU
	EndGlobalSection
	GlobalSection(SolutionProperties) = preSolution
		HideSolutionNode = FALSE
	EndGlobalSection
	GlobalSection(ExtensibilityGlobals) = postSolution
		SolutionGuid = {2E178086-D8C7-40FC-A92F-F4FC95A379C7}
	EndGlobalSection
EndGlobal
