
Microsoft Visual Studio Solution File, Format Version 12.00
# Visual Studio 15
VisualStudioVersion = 15.0.28307.102
MinimumVisualStudioVersion = 10.0.40219.1
Project("{FAE04EC0-301F-11D3-BF4B-00C04F79EFBC}") = "ReverseLinkedList", "ReverseLinkedList\ReverseLinkedList.csproj", "{3AAAEF60-D4E0-4854-9869-4F25F91303E3}"
EndProject
Global
	GlobalSection(SolutionConfigurationPlatforms) = preSolution
		Debug|Any CPU = Debug|Any CPU
		Release|Any CPU = Release|Any CPU
	EndGlobalSection
	GlobalSection(ProjectConfigurationPlatforms) = postSolution
		{3AAAEF60-D4E0-4854-9869-4F25F91303E3}.Debug|Any CPU.ActiveCfg = Debug|Any CPU
		{3AAAEF60-D4E0-4854-9869-4F25F91303E3}.Debug|Any CPU.Build.0 = Debug|Any CPU
		{3AAAEF60-D4E0-4854-9869-4F25F91303E3}.Release|Any CPU.ActiveCfg = Release|Any CPU
		{3AAAEF60-D4E0-4854-9869-4F25F91303E3}.Release|Any CPU.Build.0 = Release|Any CPU
	EndGlobalSection
	GlobalSection(SolutionProperties) = preSolution
		HideSolutionNode = FALSE
	EndGlobalSection
	GlobalSection(ExtensibilityGlobals) = postSolution
		SolutionGuid = {AD8CA7D9-E561-461E-84FA-106C49CEA04B}
	EndGlobalSection
EndGlobal
