
Microsoft Visual Studio Solution File, Format Version 12.00
# Visual Studio 15
VisualStudioVersion = 15.0.28307.102
MinimumVisualStudioVersion = 10.0.40219.1
Project("{FAE04EC0-301F-11D3-BF4B-00C04F79EFBC}") = "FactorialNumber", "FactorialNumber\FactorialNumber.csproj", "{FD756D8C-69AA-471B-B326-369F75A14D79}"
EndProject
Global
	GlobalSection(SolutionConfigurationPlatforms) = preSolution
		Debug|Any CPU = Debug|Any CPU
		Release|Any CPU = Release|Any CPU
	EndGlobalSection
	GlobalSection(ProjectConfigurationPlatforms) = postSolution
		{FD756D8C-69AA-471B-B326-369F75A14D79}.Debug|Any CPU.ActiveCfg = Debug|Any CPU
		{FD756D8C-69AA-471B-B326-369F75A14D79}.Debug|Any CPU.Build.0 = Debug|Any CPU
		{FD756D8C-69AA-471B-B326-369F75A14D79}.Release|Any CPU.ActiveCfg = Release|Any CPU
		{FD756D8C-69AA-471B-B326-369F75A14D79}.Release|Any CPU.Build.0 = Release|Any CPU
	EndGlobalSection
	GlobalSection(SolutionProperties) = preSolution
		HideSolutionNode = FALSE
	EndGlobalSection
	GlobalSection(ExtensibilityGlobals) = postSolution
		SolutionGuid = {B78C6B1E-AD5A-417C-913B-0FEAF6261E68}
	EndGlobalSection
EndGlobal
