
Microsoft Visual Studio Solution File, Format Version 12.00
# Visual Studio 15
VisualStudioVersion = 15.0.28307.102
MinimumVisualStudioVersion = 10.0.40219.1
Project("{FAE04EC0-301F-11D3-BF4B-00C04F79EFBC}") = "Week04.Hotel", "Week04.Hotel\Week04.Hotel.csproj", "{445C17CA-E818-4B5E-A303-B2BD47BAD386}"
EndProject
Global
	GlobalSection(SolutionConfigurationPlatforms) = preSolution
		Debug|Any CPU = Debug|Any CPU
		Release|Any CPU = Release|Any CPU
	EndGlobalSection
	GlobalSection(ProjectConfigurationPlatforms) = postSolution
		{445C17CA-E818-4B5E-A303-B2BD47BAD386}.Debug|Any CPU.ActiveCfg = Debug|Any CPU
		{445C17CA-E818-4B5E-A303-B2BD47BAD386}.Debug|Any CPU.Build.0 = Debug|Any CPU
		{445C17CA-E818-4B5E-A303-B2BD47BAD386}.Release|Any CPU.ActiveCfg = Release|Any CPU
		{445C17CA-E818-4B5E-A303-B2BD47BAD386}.Release|Any CPU.Build.0 = Release|Any CPU
	EndGlobalSection
	GlobalSection(SolutionProperties) = preSolution
		HideSolutionNode = FALSE
	EndGlobalSection
	GlobalSection(ExtensibilityGlobals) = postSolution
		SolutionGuid = {B87DC6AA-182F-4FB6-812E-F6FE9B781705}
	EndGlobalSection
EndGlobal
